{
  "name": "streetparkour",
  "version": "1.0.0",
  "lockfileVersion": 2,
  "requires": true,
  "packages": {
    "": {
      "name": "streetparkour",
      "version": "1.0.0",
      "license": "ISC",
      "dependencies": {
        "odin": "^3.0.0"
      }
    }
  },
  "dependencies": {}
}